
Microsoft Visual Studio Solution File, Format Version 12.00
# Visual Studio Version 16
VisualStudioVersion = 16.0.30907.101
MinimumVisualStudioVersion = 10.0.40219.1
Project("{FAE04EC0-301F-11D3-BF4B-00C04F79EFBC}") = "Работа с массивом и поиском нечётного", "Работа с массивом и поиском нечётного\Работа с массивом и поиском нечётного.csproj", "{6D995A97-DC0E-4870-8C7B-B810C6655851}"
EndProject
Global
	GlobalSection(SolutionConfigurationPlatforms) = preSolution
		Debug|Any CPU = Debug|Any CPU
		Release|Any CPU = Release|Any CPU
	EndGlobalSection
	GlobalSection(ProjectConfigurationPlatforms) = postSolution
		{6D995A97-DC0E-4870-8C7B-B810C6655851}.Debug|Any CPU.ActiveCfg = Debug|Any CPU
		{6D995A97-DC0E-4870-8C7B-B810C6655851}.Debug|Any CPU.Build.0 = Debug|Any CPU
		{6D995A97-DC0E-4870-8C7B-B810C6655851}.Release|Any CPU.ActiveCfg = Release|Any CPU
		{6D995A97-DC0E-4870-8C7B-B810C6655851}.Release|Any CPU.Build.0 = Release|Any CPU
	EndGlobalSection
	GlobalSection(SolutionProperties) = preSolution
		HideSolutionNode = FALSE
	EndGlobalSection
	GlobalSection(ExtensibilityGlobals) = postSolution
		SolutionGuid = {6B95861A-A06F-4E87-BB65-5F07D13DCD65}
	EndGlobalSection
EndGlobal
